
Microsoft Visual Studio Solution File, Format Version 12.00
# Visual Studio Version 16
VisualStudioVersion = 16.0.29728.190
MinimumVisualStudioVersion = 10.0.40219.1
Project("{FAE04EC0-301F-11D3-BF4B-00C04F79EFBC}") = "AbstractRepairView", "AbstractRepairView\AbstractRepairView.csproj", "{ADBAE30F-20B3-4D06-96CD-6E2C7F506998}"
EndProject
Global
	GlobalSection(SolutionConfigurationPlatforms) = preSolution
		Debug|Any CPU = Debug|Any CPU
		Release|Any CPU = Release|Any CPU
	EndGlobalSection
	GlobalSection(ProjectConfigurationPlatforms) = postSolution
		{ADBAE30F-20B3-4D06-96CD-6E2C7F506998}.Debug|Any CPU.ActiveCfg = Debug|Any CPU
		{ADBAE30F-20B3-4D06-96CD-6E2C7F506998}.Debug|Any CPU.Build.0 = Debug|Any CPU
		{ADBAE30F-20B3-4D06-96CD-6E2C7F506998}.Release|Any CPU.ActiveCfg = Release|Any CPU
		{ADBAE30F-20B3-4D06-96CD-6E2C7F506998}.Release|Any CPU.Build.0 = Release|Any CPU
	EndGlobalSection
	GlobalSection(SolutionProperties) = preSolution
		HideSolutionNode = FALSE
	EndGlobalSection
	GlobalSection(ExtensibilityGlobals) = postSolution
		SolutionGuid = {02782A7C-6E6C-4B87-9117-3462F5AE50BC}
	EndGlobalSection
EndGlobal
