
Microsoft Visual Studio Solution File, Format Version 12.00
# Visual Studio Version 16
VisualStudioVersion = 16.0.29728.190
MinimumVisualStudioVersion = 10.0.40219.1
Project("{FAE04EC0-301F-11D3-BF4B-00C04F79EFBC}") = "RepairView", "AbstractRepairView\RepairView.csproj", "{ADBAE30F-20B3-4D06-96CD-6E2C7F506998}"
EndProject
Project("{9A19103F-16F7-4668-BE54-9A1E7A4F7556}") = "RepairBusinessLogic", "AbstractRepairBusinessLogic\RepairBusinessLogic.csproj", "{6B590C56-9680-421C-976B-1217176B9851}"
EndProject
Project("{9A19103F-16F7-4668-BE54-9A1E7A4F7556}") = "RepairFileImplement", "RepairFileImplement\RepairFileImplement.csproj", "{3119D9BD-F4C1-4AEA-977D-926B42D4795E}"
EndProject
Project("{9A19103F-16F7-4668-BE54-9A1E7A4F7556}") = "RepairDatabaseImplement", "RepairDatabaseImplement\RepairDatabaseImplement.csproj", "{31FEAF62-F2FE-469F-8AAB-078806275B4F}"
EndProject
Global
	GlobalSection(SolutionConfigurationPlatforms) = preSolution
		Debug|Any CPU = Debug|Any CPU
		Release|Any CPU = Release|Any CPU
	EndGlobalSection
	GlobalSection(ProjectConfigurationPlatforms) = postSolution
		{ADBAE30F-20B3-4D06-96CD-6E2C7F506998}.Debug|Any CPU.ActiveCfg = Debug|Any CPU
		{ADBAE30F-20B3-4D06-96CD-6E2C7F506998}.Debug|Any CPU.Build.0 = Debug|Any CPU
		{ADBAE30F-20B3-4D06-96CD-6E2C7F506998}.Release|Any CPU.ActiveCfg = Release|Any CPU
		{ADBAE30F-20B3-4D06-96CD-6E2C7F506998}.Release|Any CPU.Build.0 = Release|Any CPU
		{6B590C56-9680-421C-976B-1217176B9851}.Debug|Any CPU.ActiveCfg = Debug|Any CPU
		{6B590C56-9680-421C-976B-1217176B9851}.Debug|Any CPU.Build.0 = Debug|Any CPU
		{6B590C56-9680-421C-976B-1217176B9851}.Release|Any CPU.ActiveCfg = Release|Any CPU
		{6B590C56-9680-421C-976B-1217176B9851}.Release|Any CPU.Build.0 = Release|Any CPU
		{3119D9BD-F4C1-4AEA-977D-926B42D4795E}.Debug|Any CPU.ActiveCfg = Debug|Any CPU
		{3119D9BD-F4C1-4AEA-977D-926B42D4795E}.Debug|Any CPU.Build.0 = Debug|Any CPU
		{3119D9BD-F4C1-4AEA-977D-926B42D4795E}.Release|Any CPU.ActiveCfg = Release|Any CPU
		{3119D9BD-F4C1-4AEA-977D-926B42D4795E}.Release|Any CPU.Build.0 = Release|Any CPU
		{31FEAF62-F2FE-469F-8AAB-078806275B4F}.Debug|Any CPU.ActiveCfg = Debug|Any CPU
		{31FEAF62-F2FE-469F-8AAB-078806275B4F}.Debug|Any CPU.Build.0 = Debug|Any CPU
		{31FEAF62-F2FE-469F-8AAB-078806275B4F}.Release|Any CPU.ActiveCfg = Release|Any CPU
		{31FEAF62-F2FE-469F-8AAB-078806275B4F}.Release|Any CPU.Build.0 = Release|Any CPU
	EndGlobalSection
	GlobalSection(SolutionProperties) = preSolution
		HideSolutionNode = FALSE
	EndGlobalSection
	GlobalSection(ExtensibilityGlobals) = postSolution
		SolutionGuid = {02782A7C-6E6C-4B87-9117-3462F5AE50BC}
	EndGlobalSection
EndGlobal
