
Microsoft Visual Studio Solution File, Format Version 12.00
# Visual Studio Version 16
VisualStudioVersion = 16.0.29728.190
MinimumVisualStudioVersion = 10.0.40219.1
Project("{FAE04EC0-301F-11D3-BF4B-00C04F79EFBC}") = "RepairView", "AbstractRepairView\RepairView.csproj", "{ADBAE30F-20B3-4D06-96CD-6E2C7F506998}"
EndProject
Project("{9A19103F-16F7-4668-BE54-9A1E7A4F7556}") = "RepairBusinessLogic", "AbstractRepairBusinessLogic\RepairBusinessLogic.csproj", "{6B590C56-9680-421C-976B-1217176B9851}"
EndProject
Project("{9A19103F-16F7-4668-BE54-9A1E7A4F7556}") = "RepairFileImplement", "RepairFileImplement\RepairFileImplement.csproj", "{3119D9BD-F4C1-4AEA-977D-926B42D4795E}"
EndProject
Project("{9A19103F-16F7-4668-BE54-9A1E7A4F7556}") = "RepairDatabaseImplement", "RepairDatabaseImplement\RepairDatabaseImplement.csproj", "{31FEAF62-F2FE-469F-8AAB-078806275B4F}"
EndProject
Project("{9A19103F-16F7-4668-BE54-9A1E7A4F7556}") = "RepairRestApi", "RepairRestApi\RepairRestApi.csproj", "{9F7F6C1E-D388-461F-99AE-DD0F1B2AA43B}"
EndProject
Project("{9A19103F-16F7-4668-BE54-9A1E7A4F7556}") = "RepairClientView", "RepairClientView\RepairClientView.csproj", "{215D5BD3-DAF3-4578-BFD9-BD01C71D3CE1}"
EndProject
Project("{9A19103F-16F7-4668-BE54-9A1E7A4F7556}") = "RepairListImplement", "RepairListImplement\RepairListImplement.csproj", "{9C751835-636C-4E9C-943D-AC339679388F}"
EndProject
Project("{FAE04EC0-301F-11D3-BF4B-00C04F79EFBC}") = "RepairWarehouseManager", "RepairWarehouseManager\RepairWarehouseManager.csproj", "{59A6D002-27A0-4FD0-8571-5EFBF872B02D}"
EndProject
Global
	GlobalSection(SolutionConfigurationPlatforms) = preSolution
		Debug|Any CPU = Debug|Any CPU
		Release|Any CPU = Release|Any CPU
	EndGlobalSection
	GlobalSection(ProjectConfigurationPlatforms) = postSolution
		{ADBAE30F-20B3-4D06-96CD-6E2C7F506998}.Debug|Any CPU.ActiveCfg = Debug|Any CPU
		{ADBAE30F-20B3-4D06-96CD-6E2C7F506998}.Debug|Any CPU.Build.0 = Debug|Any CPU
		{ADBAE30F-20B3-4D06-96CD-6E2C7F506998}.Release|Any CPU.ActiveCfg = Release|Any CPU
		{ADBAE30F-20B3-4D06-96CD-6E2C7F506998}.Release|Any CPU.Build.0 = Release|Any CPU
		{6B590C56-9680-421C-976B-1217176B9851}.Debug|Any CPU.ActiveCfg = Debug|Any CPU
		{6B590C56-9680-421C-976B-1217176B9851}.Debug|Any CPU.Build.0 = Debug|Any CPU
		{6B590C56-9680-421C-976B-1217176B9851}.Release|Any CPU.ActiveCfg = Release|Any CPU
		{6B590C56-9680-421C-976B-1217176B9851}.Release|Any CPU.Build.0 = Release|Any CPU
		{3119D9BD-F4C1-4AEA-977D-926B42D4795E}.Debug|Any CPU.ActiveCfg = Debug|Any CPU
		{3119D9BD-F4C1-4AEA-977D-926B42D4795E}.Debug|Any CPU.Build.0 = Debug|Any CPU
		{3119D9BD-F4C1-4AEA-977D-926B42D4795E}.Release|Any CPU.ActiveCfg = Release|Any CPU
		{3119D9BD-F4C1-4AEA-977D-926B42D4795E}.Release|Any CPU.Build.0 = Release|Any CPU
		{31FEAF62-F2FE-469F-8AAB-078806275B4F}.Debug|Any CPU.ActiveCfg = Debug|Any CPU
		{31FEAF62-F2FE-469F-8AAB-078806275B4F}.Debug|Any CPU.Build.0 = Debug|Any CPU
		{31FEAF62-F2FE-469F-8AAB-078806275B4F}.Release|Any CPU.ActiveCfg = Release|Any CPU
		{31FEAF62-F2FE-469F-8AAB-078806275B4F}.Release|Any CPU.Build.0 = Release|Any CPU
		{9F7F6C1E-D388-461F-99AE-DD0F1B2AA43B}.Debug|Any CPU.ActiveCfg = Debug|Any CPU
		{9F7F6C1E-D388-461F-99AE-DD0F1B2AA43B}.Debug|Any CPU.Build.0 = Debug|Any CPU
		{9F7F6C1E-D388-461F-99AE-DD0F1B2AA43B}.Release|Any CPU.ActiveCfg = Release|Any CPU
		{9F7F6C1E-D388-461F-99AE-DD0F1B2AA43B}.Release|Any CPU.Build.0 = Release|Any CPU
		{215D5BD3-DAF3-4578-BFD9-BD01C71D3CE1}.Debug|Any CPU.ActiveCfg = Debug|Any CPU
		{215D5BD3-DAF3-4578-BFD9-BD01C71D3CE1}.Debug|Any CPU.Build.0 = Debug|Any CPU
		{215D5BD3-DAF3-4578-BFD9-BD01C71D3CE1}.Release|Any CPU.ActiveCfg = Release|Any CPU
		{215D5BD3-DAF3-4578-BFD9-BD01C71D3CE1}.Release|Any CPU.Build.0 = Release|Any CPU
		{9C751835-636C-4E9C-943D-AC339679388F}.Debug|Any CPU.ActiveCfg = Debug|Any CPU
		{9C751835-636C-4E9C-943D-AC339679388F}.Debug|Any CPU.Build.0 = Debug|Any CPU
		{9C751835-636C-4E9C-943D-AC339679388F}.Release|Any CPU.ActiveCfg = Release|Any CPU
		{9C751835-636C-4E9C-943D-AC339679388F}.Release|Any CPU.Build.0 = Release|Any CPU
		{59A6D002-27A0-4FD0-8571-5EFBF872B02D}.Debug|Any CPU.ActiveCfg = Debug|Any CPU
		{59A6D002-27A0-4FD0-8571-5EFBF872B02D}.Debug|Any CPU.Build.0 = Debug|Any CPU
		{59A6D002-27A0-4FD0-8571-5EFBF872B02D}.Release|Any CPU.ActiveCfg = Release|Any CPU
		{59A6D002-27A0-4FD0-8571-5EFBF872B02D}.Release|Any CPU.Build.0 = Release|Any CPU
	EndGlobalSection
	GlobalSection(SolutionProperties) = preSolution
		HideSolutionNode = FALSE
	EndGlobalSection
	GlobalSection(ExtensibilityGlobals) = postSolution
		SolutionGuid = {02782A7C-6E6C-4B87-9117-3462F5AE50BC}
	EndGlobalSection
EndGlobal
